// !$*UTF8*$!
{
	archiveVersion = 1;
	classes = {
	};
	objectVersion = 50;
	objects = {

/* Begin PBXBuildFile section */
		80A656FE254C39C700A393DB /* AppDelegate.swift in Sources */ = {isa = PBXBuildFile; fileRef = 80A656FD254C39C700A393DB /* AppDelegate.swift */; };
		80A65700254C39C700A393DB /* SceneDelegate.swift in Sources */ = {isa = PBXBuildFile; fileRef = 80A656FF254C39C700A393DB /* SceneDelegate.swift */; };
		80A65702254C39C700A393DB /* ViewController.swift in Sources */ = {isa = PBXBuildFile; fileRef = 80A65701254C39C700A393DB /* ViewController.swift */; };
		80A65705254C39C700A393DB /* Main.storyboard in Resources */ = {isa = PBXBuildFile; fileRef = 80A65703254C39C700A393DB /* Main.storyboard */; };
		80A65707254C39C900A393DB /* Assets.xcassets in Resources */ = {isa = PBXBuildFile; fileRef = 80A65706254C39C900A393DB /* Assets.xcassets */; };
		80A6570A254C39C900A393DB /* LaunchScreen.storyboard in Resources */ = {isa = PBXBuildFile; fileRef = 80A65708254C39C900A393DB /* LaunchScreen.storyboard */; };
		80A65714254C3DD100A393DB /* MyCollectionViewCell.swift in Sources */ = {isa = PBXBuildFile; fileRef = 80A65713254C3DD100A393DB /* MyCollectionViewCell.swift */; };
/* End PBXBuildFile section */

/* Begin PBXFileReference section */
		80A656FA254C39C700A393DB /* CollectionViewNisWs.app */ = {isa = PBXFileReference; explicitFileType = wrapper.application; includeInIndex = 0; path = CollectionViewNisWs.app; sourceTree = BUILT_PRODUCTS_DIR; };
		80A656FD254C39C700A393DB /* AppDelegate.swift */ = {isa = PBXFileReference; lastKnownFileType = sourcecode.swift; path = AppDelegate.swift; sourceTree = "<group>"; };
		80A656FF254C39C700A393DB /* SceneDelegate.swift */ = {isa = PBXFileReference; lastKnownFileType = sourcecode.swift; path = SceneDelegate.swift; sourceTree = "<group>"; };
		80A65701254C39C700A393DB /* ViewController.swift */ = {isa = PBXFileReference; lastKnownFileType = sourcecode.swift; path = ViewController.swift; sourceTree = "<group>"; };
		80A65704254C39C700A393DB /* Base */ = {isa = PBXFileReference; lastKnownFileType = file.storyboard; name = Base; path = Base.lproj/Main.storyboard; sourceTree = "<group>"; };
		80A65706254C39C900A393DB /* Assets.xcassets */ = {isa = PBXFileReference; lastKnownFileType = folder.assetcatalog; path = Assets.xcassets; sourceTree = "<group>"; };
		80A65709254C39C900A393DB /* Base */ = {isa = PBXFileReference; lastKnownFileType = file.storyboard; name = Base; path = Base.lproj/LaunchScreen.storyboard; sourceTree = "<group>"; };
		80A6570B254C39C900A393DB /* Info.plist */ = {isa = PBXFileReference; lastKnownFileType = text.plist.xml; path = Info.plist; sourceTree = "<group>"; };
		80A65713254C3DD100A393DB /* MyCollectionViewCell.swift */ = {isa = PBXFileReference; lastKnownFileType = sourcecode.swift; path = MyCollectionViewCell.swift; sourceTree = "<group>"; };
/* End PBXFileReference section */

/* Begin PBXFrameworksBuildPhase section */
		80A656F7254C39C700A393DB /* Frameworks */ = {
			isa = PBXFrameworksBuildPhase;
			buildActionMask = 2147483647;
			files = (
			);
			runOnlyForDeploymentPostprocessing = 0;
		};
/* End PBXFrameworksBuildPhase section */

/* Begin PBXGroup section */
		80A656F1254C39C700A393DB = {
			isa = PBXGroup;
			children = (
				80A656FC254C39C700A393DB /* CollectionViewNisWs */,
				80A656FB254C39C700A393DB /* Products */,
			);
			sourceTree = "<group>";
		};
		80A656FB254C39C700A393DB /* Products */ = {
			isa = PBXGroup;
			children = (
				80A656FA254C39C700A393DB /* CollectionViewNisWs.app */,
			);
			name = Products;
			sourceTree = "<group>";
		};
		80A656FC254C39C700A393DB /* CollectionViewNisWs */ = {
			isa = PBXGroup;
			children = (
				80A656FD254C39C700A393DB /* AppDelegate.swift */,
				80A656FF254C39C700A393DB /* SceneDelegate.swift */,
				80A65701254C39C700A393DB /* ViewController.swift */,
				80A65713254C3DD100A393DB /* MyCollectionViewCell.swift */,
				80A65703254C39C700A393DB /* Main.storyboard */,
				80A65706254C39C900A393DB /* Assets.xcassets */,
				80A65708254C39C900A393DB /* LaunchScreen.storyboard */,
				80A6570B254C39C900A393DB /* Info.plist */,
			);
			path = CollectionViewNisWs;
			sourceTree = "<group>";
		};
/* End PBXGroup section */

/* Begin PBXNativeTarget section */
		80A656F9254C39C700A393DB /* CollectionViewNisWs */ = {
			isa = PBXNativeTarget;
			buildConfigurationList = 80A6570E254C39C900A393DB /* Build configuration list for PBXNativeTarget "CollectionViewNisWs" */;
			buildPhases = (
				80A656F6254C39C700A393DB /* Sources */,
				80A656F7254C39C700A393DB /* Frameworks */,
				80A656F8254C39C700A393DB /* Resources */,
			);
			buildRules = (
			);
			dependencies = (
			);
			name = CollectionViewNisWs;
			productName = CollectionViewNisWs;
			productReference = 80A656FA254C39C700A393DB /* CollectionViewNisWs.app */;
			productType = "com.apple.product-type.application";
		};
/* End PBXNativeTarget section */

/* Begin PBXProject section */
		80A656F2254C39C700A393DB /* Project object */ = {
			isa = PBXProject;
			attributes = {
				LastSwiftUpdateCheck = 1210;
				LastUpgradeCheck = 1210;
				TargetAttributes = {
					80A656F9254C39C700A393DB = {
						CreatedOnToolsVersion = 12.1;
					};
				};
			};
			buildConfigurationList = 80A656F5254C39C700A393DB /* Build configuration list for PBXProject "CollectionViewNisWs" */;
			compatibilityVersion = "Xcode 9.3";
			developmentRegion = en;
			hasScannedForEncodings = 0;
			knownRegions = (
				en,
				Base,
			);
			mainGroup = 80A656F1254C39C700A393DB;
			productRefGroup = 80A656FB254C39C700A393DB /* Products */;
			projectDirPath = "";
			projectRoot = "";
			targets = (
				80A656F9254C39C700A393DB /* CollectionViewNisWs */,
			);
		};
/* End PBXProject section */

/* Begin PBXResourcesBuildPhase section */
		80A656F8254C39C700A393DB /* Resources */ = {
			isa = PBXResourcesBuildPhase;
			buildActionMask = 2147483647;
			files = (
				80A6570A254C39C900A393DB /* LaunchScreen.storyboard in Resources */,
				80A65707254C39C900A393DB /* Assets.xcassets in Resources */,
				80A65705254C39C700A393DB /* Main.storyboard in Resources */,
			);
			runOnlyForDeploymentPostprocessing = 0;
		};
/* End PBXResourcesBuildPhase section */

/* Begin PBXSourcesBuildPhase section */
		80A656F6254C39C700A393DB /* Sources */ = {
			isa = PBXSourcesBuildPhase;
			buildActionMask = 2147483647;
			files = (
				80A65702254C39C700A393DB /* ViewController.swift in Sources */,
				80A656FE254C39C700A393DB /* AppDelegate.swift in Sources */,
				80A65714254C3DD100A393DB /* MyCollectionViewCell.swift in Sources */,
				80A65700254C39C700A393DB /* SceneDelegate.swift in Sources */,
			);
			runOnlyForDeploymentPostprocessing = 0;
		};
/* End PBXSourcesBuildPhase section */

/* Begin PBXVariantGroup section */
		80A65703254C39C700A393DB /* Main.storyboard */ = {
			isa = PBXVariantGroup;
			children = (
				80A65704254C39C700A393DB /* Base */,
			);
			name = Main.storyboard;
			sourceTree = "<group>";
		};
		80A65708254C39C900A393DB /* LaunchScreen.storyboard */ = {
			isa = PBXVariantGroup;
			children = (
				80A65709254C39C900A393DB /* Base */,
			);
			name = LaunchScreen.storyboard;
			sourceTree = "<group>";
		};
/* End PBXVariantGroup section */

/* Begin XCBuildConfiguration section */
		80A6570C254C39C900A393DB /* Debug */ = {
			isa = XCBuildConfiguration;
			buildSettings = {
				ALWAYS_SEARCH_USER_PATHS = NO;
				CLANG_ANALYZER_NONNULL = YES;
				CLANG_ANALYZER_NUMBER_OBJECT_CONVERSION = YES_AGGRESSIVE;
				CLANG_CXX_LANGUAGE_STANDARD = "gnu++14";
				CLANG_CXX_LIBRARY = "libc++";
				CLANG_ENABLE_MODULES = YES;
				CLANG_ENABLE_OBJC_ARC = YES;
				CLANG_ENABLE_OBJC_WEAK = YES;
				CLANG_WARN_BLOCK_CAPTURE_AUTORELEASING = YES;
				CLANG_WARN_BOOL_CONVERSION = YES;
				CLANG_WARN_COMMA = YES;
				CLANG_WARN_CONSTANT_CONVERSION = YES;
				CLANG_WARN_DEPRECATED_OBJC_IMPLEMENTATIONS = YES;
				CLANG_WARN_DIRECT_OBJC_ISA_USAGE = YES_ERROR;
				CLANG_WARN_DOCUMENTATION_COMMENTS = YES;
				CLANG_WARN_EMPTY_BODY = YES;
				CLANG_WARN_ENUM_CONVERSION = YES;
				CLANG_WARN_INFINITE_RECURSION = YES;
				CLANG_WARN_INT_CONVERSION = YES;
				CLANG_WARN_NON_LITERAL_NULL_CONVERSION = YES;
				CLANG_WARN_OBJC_IMPLICIT_RETAIN_SELF = YES;
				CLANG_WARN_OBJC_LITERAL_CONVERSION = YES;
				CLANG_WARN_OBJC_ROOT_CLASS = YES_ERROR;
				CLANG_WARN_QUOTED_INCLUDE_IN_FRAMEWORK_HEADER = YES;
				CLANG_WARN_RANGE_LOOP_ANALYSIS = YES;
				CLANG_WARN_STRICT_PROTOTYPES = YES;
				CLANG_WARN_SUSPICIOUS_MOVE = YES;
				CLANG_WARN_UNGUARDED_AVAILABILITY = YES_AGGRESSIVE;
				CLANG_WARN_UNREACHABLE_CODE = YES;
				CLANG_WARN__DUPLICATE_METHOD_MATCH = YES;
				COPY_PHASE_STRIP = NO;
				DEBUG_INFORMATION_FORMAT = dwarf;
				ENABLE_STRICT_OBJC_MSGSEND = YES;
				ENABLE_TESTABILITY = YES;
				GCC_C_LANGUAGE_STANDARD = gnu11;
				GCC_DYNAMIC_NO_PIC = NO;
				GCC_NO_COMMON_BLOCKS = YES;
				GCC_OPTIMIZATION_LEVEL = 0;
				GCC_PREPROCESSOR_DEFINITIONS = (
					"DEBUG=1",
					"$(inherited)",
				);
				GCC_WARN_64_TO_32_BIT_CONVERSION = YES;
				GCC_WARN_ABOUT_RETURN_TYPE = YES_ERROR;
				GCC_WARN_UNDECLARED_SELECTOR = YES;
				GCC_WARN_UNINITIALIZED_AUTOS = YES_AGGRESSIVE;
				GCC_WARN_UNUSED_FUNCTION = YES;
				GCC_WARN_UNUSED_VARIABLE = YES;
				IPHONEOS_DEPLOYMENT_TARGET = 14.1;
				MTL_ENABLE_DEBUG_INFO = INCLUDE_SOURCE;
				MTL_FAST_MATH = YES;
				ONLY_ACTIVE_ARCH = YES;
				SDKROOT = iphoneos;
				SWIFT_ACTIVE_COMPILATION_CONDITIONS = DEBUG;
				SWIFT_OPTIMIZATION_LEVEL = "-Onone";
			};
			name = Debug;
		};
		80A6570D254C39C900A393DB /* Release */ = {
			isa = XCBuildConfiguration;
			buildSettings = {
				ALWAYS_SEARCH_USER_PATHS = NO;
				CLANG_ANALYZER_NONNULL = YES;
				CLANG_ANALYZER_NUMBER_OBJECT_CONVERSION = YES_AGGRESSIVE;
				CLANG_CXX_LANGUAGE_STANDARD = "gnu++14";
				CLANG_CXX_LIBRARY = "libc++";
				CLANG_ENABLE_MODULES = YES;
				CLANG_ENABLE_OBJC_ARC = YES;
				CLANG_ENABLE_OBJC_WEAK = YES;
				CLANG_WARN_BLOCK_CAPTURE_AUTORELEASING = YES;
				CLANG_WARN_BOOL_CONVERSION = YES;
				CLANG_WARN_COMMA = YES;
				CLANG_WARN_CONSTANT_CONVERSION = YES;
				CLANG_WARN_DEPRECATED_OBJC_IMPLEMENTATIONS = YES;
				CLANG_WARN_DIRECT_OBJC_ISA_USAGE = YES_ERROR;
				CLANG_WARN_DOCUMENTATION_COMMENTS = YES;
				CLANG_WARN_EMPTY_BODY = YES;
				CLANG_WARN_ENUM_CONVERSION = YES;
				CLANG_WARN_INFINITE_RECURSION = YES;
				CLANG_WARN_INT_CONVERSION = YES;
				CLANG_WARN_NON_LITERAL_NULL_CONVERSION = YES;
				CLANG_WARN_OBJC_IMPLICIT_RETAIN_SELF = YES;
				CLANG_WARN_OBJC_LITERAL_CONVERSION = YES;
				CLANG_WARN_OBJC_ROOT_CLASS = YES_ERROR;
				CLANG_WARN_QUOTED_INCLUDE_IN_FRAMEWORK_HEADER = YES;
				CLANG_WARN_RANGE_LOOP_ANALYSIS = YES;
				CLANG_WARN_STRICT_PROTOTYPES = YES;
				CLANG_WARN_SUSPICIOUS_MOVE = YES;
				CLANG_WARN_UNGUARDED_AVAILABILITY = YES_AGGRESSIVE;
				CLANG_WARN_UNREACHABLE_CODE = YES;
				CLANG_WARN__DUPLICATE_METHOD_MATCH = YES;
				COPY_PHASE_STRIP = NO;
				DEBUG_INFORMATION_FORMAT = "dwarf-with-dsym";
				ENABLE_NS_ASSERTIONS = NO;
				ENABLE_STRICT_OBJC_MSGSEND = YES;
				GCC_C_LANGUAGE_STANDARD = gnu11;
				GCC_NO_COMMON_BLOCKS = YES;
				GCC_WARN_64_TO_32_BIT_CONVERSION = YES;
				GCC_WARN_ABOUT_RETURN_TYPE = YES_ERROR;
				GCC_WARN_UNDECLARED_SELECTOR = YES;
				GCC_WARN_UNINITIALIZED_AUTOS = YES_AGGRESSIVE;
				GCC_WARN_UNUSED_FUNCTION = YES;
				GCC_WARN_UNUSED_VARIABLE = YES;
				IPHONEOS_DEPLOYMENT_TARGET = 14.1;
				MTL_ENABLE_DEBUG_INFO = NO;
				MTL_FAST_MATH = YES;
				SDKROOT = iphoneos;
				SWIFT_COMPILATION_MODE = wholemodule;
				SWIFT_OPTIMIZATION_LEVEL = "-O";
				VALIDATE_PRODUCT = YES;
			};
			name = Release;
		};
		80A6570F254C39C900A393DB /* Debug */ = {
			isa = XCBuildConfiguration;
			buildSettings = {
				ASSETCATALOG_COMPILER_APPICON_NAME = AppIcon;
				ASSETCATALOG_COMPILER_GLOBAL_ACCENT_COLOR_NAME = AccentColor;
				CODE_SIGN_STYLE = Automatic;
				DEVELOPMENT_TEAM = Z6TZXH8MS8;
				INFOPLIST_FILE = CollectionViewNisWs/Info.plist;
				LD_RUNPATH_SEARCH_PATHS = (
					"$(inherited)",
					"@executable_path/Frameworks",
				);
				PRODUCT_BUNDLE_IDENTIFIER = com.nickyapp.CollectionViewNisWs;
				PRODUCT_NAME = "$(TARGET_NAME)";
				SWIFT_VERSION = 5.0;
				TARGETED_DEVICE_FAMILY = 1;
			};
			name = Debug;
		};
		80A65710254C39C900A393DB /* Release */ = {
			isa = XCBuildConfiguration;
			buildSettings = {
				ASSETCATALOG_COMPILER_APPICON_NAME = AppIcon;
				ASSETCATALOG_COMPILER_GLOBAL_ACCENT_COLOR_NAME = AccentColor;
				CODE_SIGN_STYLE = Automatic;
				DEVELOPMENT_TEAM = Z6TZXH8MS8;
				INFOPLIST_FILE = CollectionViewNisWs/Info.plist;
				LD_RUNPATH_SEARCH_PATHS = (
					"$(inherited)",
					"@executable_path/Frameworks",
				);
				PRODUCT_BUNDLE_IDENTIFIER = com.nickyapp.CollectionViewNisWs;
				PRODUCT_NAME = "$(TARGET_NAME)";
				SWIFT_VERSION = 5.0;
				TARGETED_DEVICE_FAMILY = 1;
			};
			name = Release;
		};
/* End XCBuildConfiguration section */

/* Begin XCConfigurationList section */
		80A656F5254C39C700A393DB /* Build configuration list for PBXProject "CollectionViewNisWs" */ = {
			isa = XCConfigurationList;
			buildConfigurations = (
				80A6570C254C39C900A393DB /* Debug */,
				80A6570D254C39C900A393DB /* Release */,
			);
			defaultConfigurationIsVisible = 0;
			defaultConfigurationName = Release;
		};
		80A6570E254C39C900A393DB /* Build configuration list for PBXNativeTarget "CollectionViewNisWs" */ = {
			isa = XCConfigurationList;
			buildConfigurations = (
				80A6570F254C39C900A393DB /* Debug */,
				80A65710254C39C900A393DB /* Release */,
			);
			defaultConfigurationIsVisible = 0;
			defaultConfigurationName = Release;
		};
/* End XCConfigurationList section */
	};
	rootObject = 80A656F2254C39C700A393DB /* Project object */;
}
